
Microsoft Visual Studio Solution File, Format Version 12.00
# Visual Studio Version 17
VisualStudioVersion = 17.0.32014.148
MinimumVisualStudioVersion = 10.0.40219.1
Project("{FAE04EC0-301F-11D3-BF4B-00C04F79EFBC}") = "ContainerAppsMLNET", "ContainerAppsMLNET\ContainerAppsMLNET.csproj", "{C723379B-E56E-4EDD-8D02-21872910236F}"
EndProject
Project("{9A19103F-16F7-4668-BE54-9A1E7A4F7556}") = "SentimentModelWebAPI", "SentimentModelWebAPI\SentimentModelWebAPI.csproj", "{32FEE8C8-FFF2-436C-AB99-9C37BE92A896}"
EndProject
Global
	GlobalSection(SolutionConfigurationPlatforms) = preSolution
		Debug|Any CPU = Debug|Any CPU
		Release|Any CPU = Release|Any CPU
	EndGlobalSection
	GlobalSection(ProjectConfigurationPlatforms) = postSolution
		{C723379B-E56E-4EDD-8D02-21872910236F}.Debug|Any CPU.ActiveCfg = Debug|Any CPU
		{C723379B-E56E-4EDD-8D02-21872910236F}.Debug|Any CPU.Build.0 = Debug|Any CPU
		{C723379B-E56E-4EDD-8D02-21872910236F}.Release|Any CPU.ActiveCfg = Release|Any CPU
		{C723379B-E56E-4EDD-8D02-21872910236F}.Release|Any CPU.Build.0 = Release|Any CPU
		{32FEE8C8-FFF2-436C-AB99-9C37BE92A896}.Debug|Any CPU.ActiveCfg = Debug|Any CPU
		{32FEE8C8-FFF2-436C-AB99-9C37BE92A896}.Debug|Any CPU.Build.0 = Debug|Any CPU
		{32FEE8C8-FFF2-436C-AB99-9C37BE92A896}.Release|Any CPU.ActiveCfg = Release|Any CPU
		{32FEE8C8-FFF2-436C-AB99-9C37BE92A896}.Release|Any CPU.Build.0 = Release|Any CPU
	EndGlobalSection
	GlobalSection(SolutionProperties) = preSolution
		HideSolutionNode = FALSE
	EndGlobalSection
	GlobalSection(ExtensibilityGlobals) = postSolution
		SolutionGuid = {B3787C82-E08D-464E-BD1F-A4F7BB86CE6A}
	EndGlobalSection
EndGlobal
